# This file is autogenerated, do not edit; changes may be undone by the next 'dep ensure'.


[[projects]]
  name = "github.com/kelseyhightower/envconfig"
  packages = ["."]
  revision = "f611eb38b3875cc3bd991ca91c51d06446afa14c"
  version = "v1.3.0"

[[projects]]
  branch = "master"
  name = "github.com/nlopes/slack"
  packages = ["."]
  revision = "ccf0351050c69b08f9c48f3e876f4cd5564463e8"

[[projects]]
  branch = "master"
  name = "golang.org/x/net"
  packages = ["websocket"]
  revision = "d866cfc389cec985d6fda2859936a575a55a3ab6"

[solve-meta]
  analyzer-name = "dep"
  analyzer-version = 1
  inputs-digest = "a6f0544984857c00d41b368840b54b3885a47a8049d2aa15cfa7b0303ffb254c"
  solver-name = "gps-cdcl"
  solver-version = 1
